
Microsoft Visual Studio Solution File, Format Version 12.00
# Visual Studio Version 16
VisualStudioVersion = 16.0.31424.327
MinimumVisualStudioVersion = 10.0.40219.1
Project("{FAE04EC0-301F-11D3-BF4B-00C04F79EFBC}") = "Zadanie02", "Zadanie02\Zadanie02.csproj", "{B02C0CEF-E55E-4EE2-B278-6AF7BC0FE356}"
EndProject
Global
	GlobalSection(SolutionConfigurationPlatforms) = preSolution
		Debug|Any CPU = Debug|Any CPU
		Release|Any CPU = Release|Any CPU
	EndGlobalSection
	GlobalSection(ProjectConfigurationPlatforms) = postSolution
		{B02C0CEF-E55E-4EE2-B278-6AF7BC0FE356}.Debug|Any CPU.ActiveCfg = Debug|Any CPU
		{B02C0CEF-E55E-4EE2-B278-6AF7BC0FE356}.Debug|Any CPU.Build.0 = Debug|Any CPU
		{B02C0CEF-E55E-4EE2-B278-6AF7BC0FE356}.Release|Any CPU.ActiveCfg = Release|Any CPU
		{B02C0CEF-E55E-4EE2-B278-6AF7BC0FE356}.Release|Any CPU.Build.0 = Release|Any CPU
	EndGlobalSection
	GlobalSection(SolutionProperties) = preSolution
		HideSolutionNode = FALSE
	EndGlobalSection
	GlobalSection(ExtensibilityGlobals) = postSolution
		SolutionGuid = {9E465AFD-DB58-4391-8A5F-E807FDBB2078}
	EndGlobalSection
EndGlobal
